
Microsoft Visual Studio Solution File, Format Version 12.00
# Visual Studio Version 17
VisualStudioVersion = 17.5.33627.172
MinimumVisualStudioVersion = 10.0.40219.1
Project("{FAE04EC0-301F-11D3-BF4B-00C04F79EFBC}") = "CircleApp", "CircleApp\CircleApp.csproj", "{66DC8A69-1706-4364-A75C-395C3B9A783F}"
EndProject
Global
	GlobalSection(SolutionConfigurationPlatforms) = preSolution
		Debug|Any CPU = Debug|Any CPU
		Release|Any CPU = Release|Any CPU
	EndGlobalSection
	GlobalSection(ProjectConfigurationPlatforms) = postSolution
		{66DC8A69-1706-4364-A75C-395C3B9A783F}.Debug|Any CPU.ActiveCfg = Debug|Any CPU
		{66DC8A69-1706-4364-A75C-395C3B9A783F}.Debug|Any CPU.Build.0 = Debug|Any CPU
		{66DC8A69-1706-4364-A75C-395C3B9A783F}.Release|Any CPU.ActiveCfg = Release|Any CPU
		{66DC8A69-1706-4364-A75C-395C3B9A783F}.Release|Any CPU.Build.0 = Release|Any CPU
	EndGlobalSection
	GlobalSection(SolutionProperties) = preSolution
		HideSolutionNode = FALSE
	EndGlobalSection
	GlobalSection(ExtensibilityGlobals) = postSolution
		SolutionGuid = {6086FA7D-03EA-4ED8-80EC-742D196AFBF3}
	EndGlobalSection
EndGlobal
